
Microsoft Visual Studio Solution File, Format Version 12.00
# Visual Studio Version 17
VisualStudioVersion = 17.14.36221.1
MinimumVisualStudioVersion = 10.0.40219.1
Project("{FAE04EC0-301F-11D3-BF4B-00C04F79EFBC}") = "CraftsmanLab.Api", "CraftsmanLab.Api\CraftsmanLab.Api.csproj", "{14CDB095-AFB6-4D9E-8564-E368C64C6858}"
EndProject
Project("{FAE04EC0-301F-11D3-BF4B-00C04F79EFBC}") = "CraftsmanLab.Sql", "CraftsmanLab.Sql\CraftsmanLab.Sql.csproj", "{3F114C7C-BC93-4943-AE53-ECEC7382EF62}"
EndProject
Project("{2150E333-8FDC-42A3-9474-1A3956D46DE8}") = "Solution Items", "Solution Items", "{02EA681E-C7D8-13C7-8484-4AC65E1B71E8}"
	ProjectSection(SolutionItems) = preProject
		Prompts\global.prompt.md = Prompts\global.prompt.md
	EndProjectSection
EndProject
Project("{FAE04EC0-301F-11D3-BF4B-00C04F79EFBC}") = "CraftsmanLab.Sql.Tests", "CraftsmanLab.Sql.Tests\CraftsmanLab.Sql.Tests.csproj", "{ACEA8B99-E9BF-4F59-9326-F6D215EA54F6}"
EndProject
Global
	GlobalSection(SolutionConfigurationPlatforms) = preSolution
		Debug|Any CPU = Debug|Any CPU
		Release|Any CPU = Release|Any CPU
	EndGlobalSection
	GlobalSection(ProjectConfigurationPlatforms) = postSolution
		{14CDB095-AFB6-4D9E-8564-E368C64C6858}.Debug|Any CPU.ActiveCfg = Debug|Any CPU
		{14CDB095-AFB6-4D9E-8564-E368C64C6858}.Debug|Any CPU.Build.0 = Debug|Any CPU
		{14CDB095-AFB6-4D9E-8564-E368C64C6858}.Release|Any CPU.ActiveCfg = Release|Any CPU
		{14CDB095-AFB6-4D9E-8564-E368C64C6858}.Release|Any CPU.Build.0 = Release|Any CPU
		{3F114C7C-BC93-4943-AE53-ECEC7382EF62}.Debug|Any CPU.ActiveCfg = Debug|Any CPU
		{3F114C7C-BC93-4943-AE53-ECEC7382EF62}.Debug|Any CPU.Build.0 = Debug|Any CPU
		{3F114C7C-BC93-4943-AE53-ECEC7382EF62}.Release|Any CPU.ActiveCfg = Release|Any CPU
		{3F114C7C-BC93-4943-AE53-ECEC7382EF62}.Release|Any CPU.Build.0 = Release|Any CPU
		{ACEA8B99-E9BF-4F59-9326-F6D215EA54F6}.Debug|Any CPU.ActiveCfg = Debug|Any CPU
		{ACEA8B99-E9BF-4F59-9326-F6D215EA54F6}.Debug|Any CPU.Build.0 = Debug|Any CPU
		{ACEA8B99-E9BF-4F59-9326-F6D215EA54F6}.Release|Any CPU.ActiveCfg = Release|Any CPU
		{ACEA8B99-E9BF-4F59-9326-F6D215EA54F6}.Release|Any CPU.Build.0 = Release|Any CPU
	EndGlobalSection
	GlobalSection(SolutionProperties) = preSolution
		HideSolutionNode = FALSE
	EndGlobalSection
	GlobalSection(ExtensibilityGlobals) = postSolution
		SolutionGuid = {190BBB01-CAAE-499B-9189-B808000CB871}
	EndGlobalSection
EndGlobal
